{
  "name": "charts",
  "version": "1.0.0",
  "lockfileVersion": 2,
  "requires": true,
  "packages": {
    "": {
      "name": "charts",
      "version": "1.0.0",
      "license": "ISC",
      "dependencies": {
        "@types/node": "^18.7.23",
        "luxon": "^3.0.4"
      }
    },
    "node_modules/@types/node": {
      "version": "18.7.23",
      "resolved": "https://registry.npmjs.org/@types/node/-/node-18.7.23.tgz",
      "integrity": "sha512-DWNcCHolDq0ZKGizjx2DZjR/PqsYwAcYUJmfMWqtVU2MBMG5Mo+xFZrhGId5r/O5HOuMPyQEcM6KUBp5lBZZBg=="
    },
    "node_modules/luxon": {
      "version": "3.0.4",
      "resolved": "https://registry.npmjs.org/luxon/-/luxon-3.0.4.tgz",
      "integrity": "sha512-aV48rGUwP/Vydn8HT+5cdr26YYQiUZ42NM6ToMoaGKwYfWbfLeRkEu1wXWMHBZT6+KyLfcbbtVcoQFCbbPjKlw==",
      "engines": {
        "node": ">=12"
      }
    }
  },
  "dependencies": {
    "@types/node": {
      "version": "18.7.23",
      "resolved": "https://registry.npmjs.org/@types/node/-/node-18.7.23.tgz",
      "integrity": "sha512-DWNcCHolDq0ZKGizjx2DZjR/PqsYwAcYUJmfMWqtVU2MBMG5Mo+xFZrhGId5r/O5HOuMPyQEcM6KUBp5lBZZBg=="
    },
    "luxon": {
      "version": "3.0.4",
      "resolved": "https://registry.npmjs.org/luxon/-/luxon-3.0.4.tgz",
      "integrity": "sha512-aV48rGUwP/Vydn8HT+5cdr26YYQiUZ42NM6ToMoaGKwYfWbfLeRkEu1wXWMHBZT6+KyLfcbbtVcoQFCbbPjKlw=="
    }
  }
}
